
Microsoft Visual Studio Solution File, Format Version 12.00
# Visual Studio Version 16
VisualStudioVersion = 16.0.29613.14
MinimumVisualStudioVersion = 10.0.40219.1
Project("{FAE04EC0-301F-11D3-BF4B-00C04F79EFBC}") = "AssetManagement", "AssetManagement.csproj", "{321F5811-E120-44D2-A4E2-011A6B8ABECE}"
EndProject
Global
	GlobalSection(SolutionConfigurationPlatforms) = preSolution
		Debug|Any CPU = Debug|Any CPU
		Release|Any CPU = Release|Any CPU
	EndGlobalSection
	GlobalSection(ProjectConfigurationPlatforms) = postSolution
		{321F5811-E120-44D2-A4E2-011A6B8ABECE}.Debug|Any CPU.ActiveCfg = Debug|Any CPU
		{321F5811-E120-44D2-A4E2-011A6B8ABECE}.Debug|Any CPU.Build.0 = Debug|Any CPU
		{321F5811-E120-44D2-A4E2-011A6B8ABECE}.Release|Any CPU.ActiveCfg = Release|Any CPU
		{321F5811-E120-44D2-A4E2-011A6B8ABECE}.Release|Any CPU.Build.0 = Release|Any CPU
	EndGlobalSection
	GlobalSection(SolutionProperties) = preSolution
		HideSolutionNode = FALSE
	EndGlobalSection
	GlobalSection(ExtensibilityGlobals) = postSolution
		SolutionGuid = {2E8C8A08-313A-4956-924F-EA93E119E04D}
	EndGlobalSection
EndGlobal
